PODS:
  - AgoraRtcEngine_iOS (2.9.0.107)
  - Masonry (1.1.0)
  - PolyvAliHttpDNS (1.7.4):
    - PolyvAliHttpDNS/AlicloudHttpDNS (= 1.7.4)
    - PolyvAliHttpDNS/AlicloudUtils (= 1.7.4)
    - PolyvAliHttpDNS/UTDID (= 1.7.4)
  - PolyvAliHttpDNS/AlicloudHttpDNS (1.7.4)
  - PolyvAliHttpDNS/AlicloudUtils (1.7.4)
  - PolyvAliHttpDNS/UTDID (1.7.4)
  - PolyvBusinessSDK/Core (0.15.0):
    - PolyvFoundationSDK (~> 0.12.0)
  - PolyvCloudClassSDK (0.16.2):
    - PolyvCloudClassSDK/Core (= 0.16.2)
    - PolyvCloudClassSDK/Player (= 0.16.2)
    - PolyvCloudClassSDK/ThirdPart (= 0.16.2)
  - PolyvCloudClassSDK/Core (0.16.2):
    - PolyvBusinessSDK/Core (~> 0.15.0)
  - PolyvCloudClassSDK/Player (0.16.2):
    - PolyvIJKPlayer (~> 0.9.1)
  - PolyvCloudClassSDK/ThirdPart (0.16.2):
    - AgoraRtcEngine_iOS (= 2.9.0.107)
    - PolyvAliHttpDNS (~> 1.7.3)
    - Socket.IO-Client-Swift (~> 14.0.0)
  - PolyvFoundationSDK (0.12.1)
  - PolyvIJKPlayer (0.9.2)
  - SDWebImage (4.4.0):
    - SDWebImage/Core (= 4.4.0)
  - SDWebImage/Core (4.4.0)
  - Socket.IO-Client-Swift (14.0.0):
    - Starscream (~> 3.0.6)
  - Starscream (3.0.6)

DEPENDENCIES:
  - Masonry (~> 1.1.0)
  - PolyvCloudClassSDK (= 0.16.2)
  - SDWebImage (= 4.4.0)

SPEC REPOS:
  trunk:
    - AgoraRtcEngine_iOS
    - Masonry
    - PolyvAliHttpDNS
    - PolyvBusinessSDK
    - PolyvCloudClassSDK
    - PolyvFoundationSDK
    - PolyvIJKPlayer
    - SDWebImage
    - Socket.IO-Client-Swift
    - Starscream

SPEC CHECKSUMS:
  AgoraRtcEngine_iOS: f295cc362f18a98a59464c7485a1de1dad4847f2
  Masonry: 678fab65091a9290e40e2832a55e7ab731aad201
  PolyvAliHttpDNS: 6e7783feba44d25abc4f9584da83f93e7e4ef957
  PolyvBusinessSDK: 33c19f17c948d1a1078ebefc160e5bb6e5f423d3
  PolyvCloudClassSDK: 8cb6c10966ffe6a469a85b5668f6a2336513aacc
  PolyvFoundationSDK: e04eb9e32d267f37009d55e48a0d4a269c9ee2ec
  PolyvIJKPlayer: 2a3c55373b145173ae64b1fc23d1eca51e5aad16
  SDWebImage: b534502786e43dde36dfcaee89356fe6df30e203
  Socket.IO-Client-Swift: 21e6a8a23a7d367d5ddfab6cbbd3c679cf3c25d6
  Starscream: ef3ece99d765eeccb67de105bfa143f929026cf5

PODFILE CHECKSUM: 6eff13f13f8d4646531eae27c6de181e6686cd84

COCOAPODS: 1.10.0
